
Microsoft Visual Studio Solution File, Format Version 12.00
# Visual Studio 15
VisualStudioVersion = 15.0.27130.2020
MinimumVisualStudioVersion = 10.0.40219.1
Project("{FAE04EC0-301F-11D3-BF4B-00C04F79EFBC}") = "01", "01\01.csproj", "{CF45D725-F92D-4B24-A86A-369F79DFFF53}"
EndProject
Project("{FAE04EC0-301F-11D3-BF4B-00C04F79EFBC}") = "02", "02\02.csproj", "{AB654C6D-C5FE-477B-B313-1BAD4BFC9B67}"
EndProject
Global
	GlobalSection(SolutionConfigurationPlatforms) = preSolution
		Debug|Any CPU = Debug|Any CPU
		Release|Any CPU = Release|Any CPU
	EndGlobalSection
	GlobalSection(ProjectConfigurationPlatforms) = postSolution
		{CF45D725-F92D-4B24-A86A-369F79DFFF53}.Debug|Any CPU.ActiveCfg = Debug|Any CPU
		{CF45D725-F92D-4B24-A86A-369F79DFFF53}.Debug|Any CPU.Build.0 = Debug|Any CPU
		{CF45D725-F92D-4B24-A86A-369F79DFFF53}.Release|Any CPU.ActiveCfg = Release|Any CPU
		{CF45D725-F92D-4B24-A86A-369F79DFFF53}.Release|Any CPU.Build.0 = Release|Any CPU
		{AB654C6D-C5FE-477B-B313-1BAD4BFC9B67}.Debug|Any CPU.ActiveCfg = Debug|Any CPU
		{AB654C6D-C5FE-477B-B313-1BAD4BFC9B67}.Debug|Any CPU.Build.0 = Debug|Any CPU
		{AB654C6D-C5FE-477B-B313-1BAD4BFC9B67}.Release|Any CPU.ActiveCfg = Release|Any CPU
		{AB654C6D-C5FE-477B-B313-1BAD4BFC9B67}.Release|Any CPU.Build.0 = Release|Any CPU
	EndGlobalSection
	GlobalSection(SolutionProperties) = preSolution
		HideSolutionNode = FALSE
	EndGlobalSection
	GlobalSection(ExtensibilityGlobals) = postSolution
		SolutionGuid = {A6BE72CB-B855-4265-831B-893BEB8604C3}
	EndGlobalSection
EndGlobal
